<?xml version="1.0" encoding="utf-8"?>
<Project ToolsVersion="4.0" xmlns="http://schemas.microsoft.com/developer/msbuild/2003">
  <ItemGroup>
    <Filter Include="源文件">
      <UniqueIdentifier>{4FC737F1-C7A5-4376-A066-2A32D752A2FF}</UniqueIdentifier>
      <Extensions>cpp;c;cc;cxx;def;odl;idl;hpj;bat;asm;asmx</Extensions>
    </Filter>
    <Filter Include="头文件">
      <UniqueIdentifier>{93995380-89BD-4b04-88EB-625FBE52EBFB}</UniqueIdentifier>
      <Extensions>h;hh;hpp;hxx;hm;inl;inc;xsd</Extensions>
    </Filter>
    <Filter Include="资源文件">
      <UniqueIdentifier>{67DA6AB6-F800-4c08-8B7A-83BB121AAD01}</UniqueIdentifier>
      <Extensions>rc;ico;cur;bmp;dlg;rc2;rct;bin;rgs;gif;jpg;jpeg;jpe;resx;tiff;tif;png;wav;mfcribbon-ms</Extensions>
    </Filter>
  </ItemGroup>
  <ItemGroup>
    <ClCompile Include="..\example\apriltags_demo.cpp">
      <Filter>源文件</Filter>
    </ClCompile>
    <ClCompile Include="..\src\Edge.cc">
      <Filter>源文件</Filter>
    </ClCompile>
    <ClCompile Include="..\src\FloatImage.cc">
      <Filter>源文件</Filter>
    </ClCompile>
    <ClCompile Include="..\src\Gaussian.cc">
      <Filter>源文件</Filter>
    </ClCompile>
    <ClCompile Include="..\src\GLine2D.cc">
      <Filter>源文件</Filter>
    </ClCompile>
    <ClCompile Include="..\src\GLineSegment2D.cc">
      <Filter>源文件</Filter>
    </ClCompile>
    <ClCompile Include="..\src\GrayModel.cc">
      <Filter>源文件</Filter>
    </ClCompile>
    <ClCompile Include="..\src\Homography33.cc">
      <Filter>源文件</Filter>
    </ClCompile>
    <ClCompile Include="..\src\MathUtil.cc">
      <Filter>源文件</Filter>
    </ClCompile>
    <ClCompile Include="..\src\Quad.cc">
      <Filter>源文件</Filter>
    </ClCompile>
    <ClCompile Include="..\src\Segment.cc">
      <Filter>源文件</Filter>
    </ClCompile>
    <ClCompile Include="..\src\TagDetection.cc">
      <Filter>源文件</Filter>
    </ClCompile>
    <ClCompile Include="..\src\TagDetector.cc">
      <Filter>源文件</Filter>
    </ClCompile>
    <ClCompile Include="..\src\TagFamily.cc">
      <Filter>源文件</Filter>
    </ClCompile>
    <ClCompile Include="..\src\UnionFindSimple.cc">
      <Filter>源文件</Filter>
    </ClCompile>
  </ItemGroup>
  <ItemGroup>
    <ClInclude Include="..\AprilTags\Edge.h">
      <Filter>头文件</Filter>
    </ClInclude>
    <ClInclude Include="..\AprilTags\FloatImage.h">
      <Filter>头文件</Filter>
    </ClInclude>
    <ClInclude Include="..\AprilTags\Gaussian.h">
      <Filter>头文件</Filter>
    </ClInclude>
    <ClInclude Include="..\AprilTags\GLine2D.h">
      <Filter>头文件</Filter>
    </ClInclude>
    <ClInclude Include="..\AprilTags\GLineSegment2D.h">
      <Filter>头文件</Filter>
    </ClInclude>
    <ClInclude Include="..\AprilTags\GrayModel.h">
      <Filter>头文件</Filter>
    </ClInclude>
    <ClInclude Include="..\AprilTags\Gridder.h">
      <Filter>头文件</Filter>
    </ClInclude>
    <ClInclude Include="..\AprilTags\Homography33.h">
      <Filter>头文件</Filter>
    </ClInclude>
    <ClInclude Include="..\AprilTags\MathUtil.h">
      <Filter>头文件</Filter>
    </ClInclude>
    <ClInclude Include="..\AprilTags\pch.h">
      <Filter>头文件</Filter>
    </ClInclude>
    <ClInclude Include="..\AprilTags\Quad.h">
      <Filter>头文件</Filter>
    </ClInclude>
    <ClInclude Include="..\AprilTags\Segment.h">
      <Filter>头文件</Filter>
    </ClInclude>
    <ClInclude Include="..\AprilTags\Tag16h5.h">
      <Filter>头文件</Filter>
    </ClInclude>
    <ClInclude Include="..\AprilTags\Tag16h5_other.h">
      <Filter>头文件</Filter>
    </ClInclude>
    <ClInclude Include="..\AprilTags\Tag25h7.h">
      <Filter>头文件</Filter>
    </ClInclude>
    <ClInclude Include="..\AprilTags\Tag25h9.h">
      <Filter>头文件</Filter>
    </ClInclude>
    <ClInclude Include="..\AprilTags\Tag36h9.h">
      <Filter>头文件</Filter>
    </ClInclude>
    <ClInclude Include="..\AprilTags\Tag36h11.h">
      <Filter>头文件</Filter>
    </ClInclude>
    <ClInclude Include="..\AprilTags\Tag36h11_other.h">
      <Filter>头文件</Filter>
    </ClInclude>
    <ClInclude Include="..\AprilTags\TagDetection.h">
      <Filter>头文件</Filter>
    </ClInclude>
    <ClInclude Include="..\AprilTags\TagDetector.h">
      <Filter>头文件</Filter>
    </ClInclude>
    <ClInclude Include="..\AprilTags\TagFamily.h">
      <Filter>头文件</Filter>
    </ClInclude>
    <ClInclude Include="..\AprilTags\UnionFindSimple.h">
      <Filter>头文件</Filter>
    </ClInclude>
    <ClInclude Include="..\AprilTags\XYWeight.h">
      <Filter>头文件</Filter>
    </ClInclude>
  </ItemGroup>
</Project>